
Microsoft Visual Studio Solution File, Format Version 12.00
# Visual Studio Version 17
VisualStudioVersion = 17.9.34701.34
MinimumVisualStudioVersion = 10.0.40219.1
Project("{FAE04EC0-301F-11D3-BF4B-00C04F79EFBC}") = "PassIn.API", "PassIn.API.csproj", "{51FC8173-C14C-4372-9DDA-B1DC00193706}"
EndProject
Project("{FAE04EC0-301F-11D3-BF4B-00C04F79EFBC}") = "PassIn.Application", "..\PassIn.Application\PassIn.Application.csproj", "{A6CD87A8-4A73-4892-B7DB-13F092AE5325}"
EndProject
Project("{FAE04EC0-301F-11D3-BF4B-00C04F79EFBC}") = "PassIn.Communication", "..\PassIn.Communication\PassIn.Communication.csproj", "{0F3825FE-D225-417B-A714-4347BB7B64B5}"
EndProject
Project("{FAE04EC0-301F-11D3-BF4B-00C04F79EFBC}") = "PassIn.Exceptions", "..\PassIn.Exceptions\PassIn.Exceptions.csproj", "{53D48A78-10F6-493A-A3BD-3F47773DF6AA}"
EndProject
Project("{FAE04EC0-301F-11D3-BF4B-00C04F79EFBC}") = "PassIn.Infrastructure", "..\PassIn.Infraestructure\PassIn.Infrastructure.csproj", "{A1530212-B08A-44F3-AFAA-81ED2D0A2BF3}"
EndProject
Global
	GlobalSection(SolutionConfigurationPlatforms) = preSolution
		Debug|Any CPU = Debug|Any CPU
		Release|Any CPU = Release|Any CPU
	EndGlobalSection
	GlobalSection(ProjectConfigurationPlatforms) = postSolution
		{51FC8173-C14C-4372-9DDA-B1DC00193706}.Debug|Any CPU.ActiveCfg = Debug|Any CPU
		{51FC8173-C14C-4372-9DDA-B1DC00193706}.Debug|Any CPU.Build.0 = Debug|Any CPU
		{51FC8173-C14C-4372-9DDA-B1DC00193706}.Release|Any CPU.ActiveCfg = Release|Any CPU
		{51FC8173-C14C-4372-9DDA-B1DC00193706}.Release|Any CPU.Build.0 = Release|Any CPU
		{A6CD87A8-4A73-4892-B7DB-13F092AE5325}.Debug|Any CPU.ActiveCfg = Debug|Any CPU
		{A6CD87A8-4A73-4892-B7DB-13F092AE5325}.Debug|Any CPU.Build.0 = Debug|Any CPU
		{A6CD87A8-4A73-4892-B7DB-13F092AE5325}.Release|Any CPU.ActiveCfg = Release|Any CPU
		{A6CD87A8-4A73-4892-B7DB-13F092AE5325}.Release|Any CPU.Build.0 = Release|Any CPU
		{0F3825FE-D225-417B-A714-4347BB7B64B5}.Debug|Any CPU.ActiveCfg = Debug|Any CPU
		{0F3825FE-D225-417B-A714-4347BB7B64B5}.Debug|Any CPU.Build.0 = Debug|Any CPU
		{0F3825FE-D225-417B-A714-4347BB7B64B5}.Release|Any CPU.ActiveCfg = Release|Any CPU
		{0F3825FE-D225-417B-A714-4347BB7B64B5}.Release|Any CPU.Build.0 = Release|Any CPU
		{53D48A78-10F6-493A-A3BD-3F47773DF6AA}.Debug|Any CPU.ActiveCfg = Debug|Any CPU
		{53D48A78-10F6-493A-A3BD-3F47773DF6AA}.Debug|Any CPU.Build.0 = Debug|Any CPU
		{53D48A78-10F6-493A-A3BD-3F47773DF6AA}.Release|Any CPU.ActiveCfg = Release|Any CPU
		{53D48A78-10F6-493A-A3BD-3F47773DF6AA}.Release|Any CPU.Build.0 = Release|Any CPU
		{A1530212-B08A-44F3-AFAA-81ED2D0A2BF3}.Debug|Any CPU.ActiveCfg = Debug|Any CPU
		{A1530212-B08A-44F3-AFAA-81ED2D0A2BF3}.Debug|Any CPU.Build.0 = Debug|Any CPU
		{A1530212-B08A-44F3-AFAA-81ED2D0A2BF3}.Release|Any CPU.ActiveCfg = Release|Any CPU
		{A1530212-B08A-44F3-AFAA-81ED2D0A2BF3}.Release|Any CPU.Build.0 = Release|Any CPU
	EndGlobalSection
	GlobalSection(SolutionProperties) = preSolution
		HideSolutionNode = FALSE
	EndGlobalSection
	GlobalSection(ExtensibilityGlobals) = postSolution
		SolutionGuid = {02D66AED-0597-4ECA-923D-B3DF654BCE57}
	EndGlobalSection
EndGlobal
